
Microsoft Visual Studio Solution File, Format Version 12.00
# Visual Studio 15
VisualStudioVersion = 15.0.27130.2036
MinimumVisualStudioVersion = 10.0.40219.1
Project("{FAE04EC0-301F-11D3-BF4B-00C04F79EFBC}") = "20180315_Exceptions", "20180315_Exceptions\20180315_Exceptions.csproj", "{18088F2F-AD64-4A48-AD82-C7B80EFE87AB}"
EndProject
Global
	GlobalSection(SolutionConfigurationPlatforms) = preSolution
		Debug|Any CPU = Debug|Any CPU
		Release|Any CPU = Release|Any CPU
	EndGlobalSection
	GlobalSection(ProjectConfigurationPlatforms) = postSolution
		{18088F2F-AD64-4A48-AD82-C7B80EFE87AB}.Debug|Any CPU.ActiveCfg = Debug|Any CPU
		{18088F2F-AD64-4A48-AD82-C7B80EFE87AB}.Debug|Any CPU.Build.0 = Debug|Any CPU
		{18088F2F-AD64-4A48-AD82-C7B80EFE87AB}.Release|Any CPU.ActiveCfg = Release|Any CPU
		{18088F2F-AD64-4A48-AD82-C7B80EFE87AB}.Release|Any CPU.Build.0 = Release|Any CPU
	EndGlobalSection
	GlobalSection(SolutionProperties) = preSolution
		HideSolutionNode = FALSE
	EndGlobalSection
	GlobalSection(ExtensibilityGlobals) = postSolution
		SolutionGuid = {D3D3FAEB-6181-49AD-8AD3-CDC0786337BD}
	EndGlobalSection
EndGlobal
