
Microsoft Visual Studio Solution File, Format Version 12.00
# Visual Studio 15
VisualStudioVersion = 15.0.27130.2020
MinimumVisualStudioVersion = 10.0.40219.1
Project("{FAE04EC0-301F-11D3-BF4B-00C04F79EFBC}") = "20180119_Classes", "20180119_Classes\20180119_Classes.csproj", "{514431B0-2696-4460-AD3B-17229AC11777}"
EndProject
Global
	GlobalSection(SolutionConfigurationPlatforms) = preSolution
		Debug|Any CPU = Debug|Any CPU
		Release|Any CPU = Release|Any CPU
	EndGlobalSection
	GlobalSection(ProjectConfigurationPlatforms) = postSolution
		{514431B0-2696-4460-AD3B-17229AC11777}.Debug|Any CPU.ActiveCfg = Debug|Any CPU
		{514431B0-2696-4460-AD3B-17229AC11777}.Debug|Any CPU.Build.0 = Debug|Any CPU
		{514431B0-2696-4460-AD3B-17229AC11777}.Release|Any CPU.ActiveCfg = Release|Any CPU
		{514431B0-2696-4460-AD3B-17229AC11777}.Release|Any CPU.Build.0 = Release|Any CPU
	EndGlobalSection
	GlobalSection(SolutionProperties) = preSolution
		HideSolutionNode = FALSE
	EndGlobalSection
	GlobalSection(ExtensibilityGlobals) = postSolution
		SolutionGuid = {B4688D5A-665D-4D64-8104-208FBCE85E4F}
	EndGlobalSection
EndGlobal
